
Microsoft Visual Studio Solution File, Format Version 12.00
# Visual Studio Version 17
VisualStudioVersion = 17.14.36616.10 d17.14
MinimumVisualStudioVersion = 10.0.40219.1
Project("{8BC9CEB8-8B4A-11D0-8D11-00A0C91BC942}") = "SBS", "SBS\SBS.vcxproj", "{4EE62DD8-8993-4AC4-AC6D-7B6766AF85AC}"
EndProject
Global
	GlobalSection(SolutionConfigurationPlatforms) = preSolution
		Debug|x64 = Debug|x64
		Debug|x86 = Debug|x86
		Release|x64 = Release|x64
		Release|x86 = Release|x86
	EndGlobalSection
	GlobalSection(ProjectConfigurationPlatforms) = postSolution
		{4EE62DD8-8993-4AC4-AC6D-7B6766AF85AC}.Debug|x64.ActiveCfg = Debug|x64
		{4EE62DD8-8993-4AC4-AC6D-7B6766AF85AC}.Debug|x64.Build.0 = Debug|x64
		{4EE62DD8-8993-4AC4-AC6D-7B6766AF85AC}.Debug|x86.ActiveCfg = Debug|Win32
		{4EE62DD8-8993-4AC4-AC6D-7B6766AF85AC}.Debug|x86.Build.0 = Debug|Win32
		{4EE62DD8-8993-4AC4-AC6D-7B6766AF85AC}.Release|x64.ActiveCfg = Release|x64
		{4EE62DD8-8993-4AC4-AC6D-7B6766AF85AC}.Release|x64.Build.0 = Release|x64
		{4EE62DD8-8993-4AC4-AC6D-7B6766AF85AC}.Release|x86.ActiveCfg = Release|Win32
		{4EE62DD8-8993-4AC4-AC6D-7B6766AF85AC}.Release|x86.Build.0 = Release|Win32
	EndGlobalSection
	GlobalSection(SolutionProperties) = preSolution
		HideSolutionNode = FALSE
	EndGlobalSection
	GlobalSection(ExtensibilityGlobals) = postSolution
		SolutionGuid = {0A97471E-5ACF-47F5-998E-54A0D09D7D34}
	EndGlobalSection
EndGlobal
